
Microsoft Visual Studio Solution File, Format Version 12.00
# Visual Studio Version 16
VisualStudioVersion = 16.0.30320.27
MinimumVisualStudioVersion = 10.0.40219.1
Project("{FAE04EC0-301F-11D3-BF4B-00C04F79EFBC}") = "WpfUiExcelTest", "WpfUiExcelTest\WpfUiExcelTest.csproj", "{C26EED9B-13B4-4819-92F9-2959B312757B}"
EndProject
Global
	GlobalSection(SolutionConfigurationPlatforms) = preSolution
		Debug|Any CPU = Debug|Any CPU
		Release|Any CPU = Release|Any CPU
	EndGlobalSection
	GlobalSection(ProjectConfigurationPlatforms) = postSolution
		{C26EED9B-13B4-4819-92F9-2959B312757B}.Debug|Any CPU.ActiveCfg = Debug|Any CPU
		{C26EED9B-13B4-4819-92F9-2959B312757B}.Debug|Any CPU.Build.0 = Debug|Any CPU
		{C26EED9B-13B4-4819-92F9-2959B312757B}.Release|Any CPU.ActiveCfg = Release|Any CPU
		{C26EED9B-13B4-4819-92F9-2959B312757B}.Release|Any CPU.Build.0 = Release|Any CPU
	EndGlobalSection
	GlobalSection(SolutionProperties) = preSolution
		HideSolutionNode = FALSE
	EndGlobalSection
	GlobalSection(ExtensibilityGlobals) = postSolution
		SolutionGuid = {19344925-29FC-48CE-A246-967BC184060F}
	EndGlobalSection
EndGlobal
